
Microsoft Visual Studio Solution File, Format Version 12.00
# Visual Studio Version 17
VisualStudioVersion = 17.11.35222.181
MinimumVisualStudioVersion = 10.0.40219.1
Project("{2150E333-8FDC-42A3-9474-1A3956D46DE8}") = "Task0", "Task0", "{D1670D83-D88A-4A46-B673-E74A43647099}"
EndProject
Project("{2150E333-8FDC-42A3-9474-1A3956D46DE8}") = "Task1", "Task1", "{A3BEADC6-785C-454C-B0AC-F734E283480F}"
EndProject
Project("{2150E333-8FDC-42A3-9474-1A3956D46DE8}") = "Task2", "Task2", "{7ED3DE4C-C316-4BDA-B895-742730F2B38B}"
EndProject
Project("{2150E333-8FDC-42A3-9474-1A3956D46DE8}") = "Task3", "Task3", "{B005F369-A3BC-49A6-BE8C-6DFAC9970D11}"
EndProject
Project("{2150E333-8FDC-42A3-9474-1A3956D46DE8}") = "Task4", "Task4", "{2A9A55CF-8812-4624-BB1E-B996D4AD18B2}"
EndProject
Project("{2150E333-8FDC-42A3-9474-1A3956D46DE8}") = "Task5", "Task5", "{A5D82746-8365-473F-B9AF-5334561FBF05}"
EndProject
Project("{2150E333-8FDC-42A3-9474-1A3956D46DE8}") = "Task6", "Task6", "{BE58FFDF-55DE-4CB1-A8CF-9322A6CAD9A9}"
EndProject
Project("{2150E333-8FDC-42A3-9474-1A3956D46DE8}") = "Task7", "Task7", "{47AAE14B-4F17-4156-ABAC-4B3256D60E8A}"
EndProject
Project("{9A19103F-16F7-4668-BE54-9A1E7A4F7556}") = "Tyuiu.AvdeevAS.Sprint5.Task0.V14", "Tyuiu.AvdeevAS.Sprint5.Task0.V14\Tyuiu.AvdeevAS.Sprint5.Task0.V14.csproj", "{2B3812BC-4768-4F71-A0EE-9426AD1BC833}"
EndProject
Project("{9A19103F-16F7-4668-BE54-9A1E7A4F7556}") = "Tyuiu.AvdeevAS.Sprint5.Task0.V14.Lib", "Tyuiu.AvdeevAS.Sprint5.Task0.V14.Lib\Tyuiu.AvdeevAS.Sprint5.Task0.V14.Lib.csproj", "{F630F79A-9B84-4F89-A19A-40702338E08F}"
EndProject
Project("{9A19103F-16F7-4668-BE54-9A1E7A4F7556}") = "Tyuiu.AvdeevAS.Sprint5.Task0.V14.Test", "Tyuiu.AvdeevAS.Sprint5.Task0.V14.Test\Tyuiu.AvdeevAS.Sprint5.Task0.V14.Test.csproj", "{A9F87EF0-33CA-4569-8C19-0712E9097CCE}"
EndProject
Project("{FAE04EC0-301F-11D3-BF4B-00C04F79EFBC}") = "Tyuiu.AvdeevAS.Sprint5.Task1.V17", "Tyuiu.AvdeevAS.Sprint5.Task1.V17\Tyuiu.AvdeevAS.Sprint5.Task1.V17.csproj", "{A888AAC4-E059-44B2-957E-2C06A0548306}"
EndProject
Project("{FAE04EC0-301F-11D3-BF4B-00C04F79EFBC}") = "Tyuiu.AvdeevAS.Sprint5.Task1.V17.Lib", "Tyuiu.AvdeevAS.Sprint5.Task1.V17.Lib\Tyuiu.AvdeevAS.Sprint5.Task1.V17.Lib.csproj", "{EA4C0BF4-DFE6-4002-BC98-84359E165AF3}"
EndProject
Project("{FAE04EC0-301F-11D3-BF4B-00C04F79EFBC}") = "Tyuiu.AvdeevAS.Sprint5.Task1.V17.Test", "Tyuiu.AvdeevAS.Sprint5.Task1.V17.Test\Tyuiu.AvdeevAS.Sprint5.Task1.V17.Test.csproj", "{7FD21F09-CBB2-4BDC-8F24-525711A6CF96}"
EndProject
Project("{FAE04EC0-301F-11D3-BF4B-00C04F79EFBC}") = "Tyuiu.AvdeevAS.Sprint5.Task2.V7", "Tyuiu.AvdeevAS.Sprint5.Task2.V7\Tyuiu.AvdeevAS.Sprint5.Task2.V7.csproj", "{6EB6E90D-35AB-41B0-918A-82A29CB9D910}"
EndProject
Project("{FAE04EC0-301F-11D3-BF4B-00C04F79EFBC}") = "Tyuiu.AvdeevAS.Sprint5.Task2.V7.Lib", "Tyuiu.AvdeevAS.Sprint5.Task2.V7.Lib\Tyuiu.AvdeevAS.Sprint5.Task2.V7.Lib.csproj", "{AC2EA652-4373-46FF-8398-78EDC283E34D}"
EndProject
Project("{FAE04EC0-301F-11D3-BF4B-00C04F79EFBC}") = "Tyuiu.AvdeevAS.Sprint5.Task2.V7.Test", "Tyuiu.AvdeevAS.Sprint5.Task2.V7.Test\Tyuiu.AvdeevAS.Sprint5.Task2.V7.Test.csproj", "{A2A73D0F-EE00-4E2B-A909-5313D85F0570}"
EndProject
Project("{FAE04EC0-301F-11D3-BF4B-00C04F79EFBC}") = "Tyuiu.AvdeevAS.Sprint5.Task3.V24", "Tyuiu.AvdeevAS.Sprint5.Task3.V24\Tyuiu.AvdeevAS.Sprint5.Task3.V24.csproj", "{6293324E-A285-4CB2-8D24-E83DD890A308}"
EndProject
Project("{FAE04EC0-301F-11D3-BF4B-00C04F79EFBC}") = "Tyuiu.AvdeevAS.Sprint5.Task3.V24.Lib", "Tyuiu.AvdeevAS.Sprint5.Task3.V24.Lib\Tyuiu.AvdeevAS.Sprint5.Task3.V24.Lib.csproj", "{825BCA60-97BD-442F-BD31-695166DCD148}"
EndProject
Project("{FAE04EC0-301F-11D3-BF4B-00C04F79EFBC}") = "Tyuiu.AvdeevAS.Sprint5.Task3.V24.Test", "Tyuiu.AvdeevAS.Sprint5.Task3.V24.Test\Tyuiu.AvdeevAS.Sprint5.Task3.V24.Test.csproj", "{0EC61BA7-4B3C-4437-B6B2-9D4AB101F4CB}"
EndProject
Project("{FAE04EC0-301F-11D3-BF4B-00C04F79EFBC}") = "Tyuiu.AvdeevAS.Sprint5.Task4.V5", "Tyuiu.AvdeevAS.Sprint5.Task4.V5\Tyuiu.AvdeevAS.Sprint5.Task4.V5.csproj", "{332FAAD8-1D7D-4A87-B8ED-0E594ECB7C3E}"
EndProject
Project("{FAE04EC0-301F-11D3-BF4B-00C04F79EFBC}") = "Tyuiu.AvdeevAS.Sprint5.Task4.V5.Lib", "Tyuiu.AvdeevAS.Sprint5.Task4.V5.Lib\Tyuiu.AvdeevAS.Sprint5.Task4.V5.Lib.csproj", "{8395FD4B-6053-49A0-8CF7-D5C157DBA666}"
EndProject
Project("{FAE04EC0-301F-11D3-BF4B-00C04F79EFBC}") = "Tyuiu.AvdeevAS.Sprint5.Task4.V5.Test", "Tyuiu.AvdeevAS.Sprint5.Task4.V5.Test\Tyuiu.AvdeevAS.Sprint5.Task4.V5.Test.csproj", "{91DC88C8-3815-4797-A516-42F3F1BA9AC2}"
EndProject
Project("{FAE04EC0-301F-11D3-BF4B-00C04F79EFBC}") = "Tyuiu.AvdeevAS.Sprint5.Task5.V26", "Tyuiu.AvdeevAS.Sprint5.Task5.V26\Tyuiu.AvdeevAS.Sprint5.Task5.V26.csproj", "{DF8B5163-EDB5-4454-9E35-7BD2B97F8861}"
EndProject
Project("{FAE04EC0-301F-11D3-BF4B-00C04F79EFBC}") = "Tyuiu.AvdeevAS.Sprint5.Task5.V26.Lib", "Tyuiu.AvdeevAS.Sprint5.Task5.V26.Lib\Tyuiu.AvdeevAS.Sprint5.Task5.V26.Lib.csproj", "{647F6FC1-37EE-4C1B-9E75-2C9570623408}"
EndProject
Project("{FAE04EC0-301F-11D3-BF4B-00C04F79EFBC}") = "Tyuiu.AvdeevAS.Sprint5.Task5.V26.Test", "Tyuiu.AvdeevAS.Sprint5.Task5.V26.Test\Tyuiu.AvdeevAS.Sprint5.Task5.V26.Test.csproj", "{327F256A-01D7-42F6-B3BC-5D31BC1CABDD}"
EndProject
Global
	GlobalSection(SolutionConfigurationPlatforms) = preSolution
		Debug|Any CPU = Debug|Any CPU
		Release|Any CPU = Release|Any CPU
	EndGlobalSection
	GlobalSection(ProjectConfigurationPlatforms) = postSolution
		{2B3812BC-4768-4F71-A0EE-9426AD1BC833}.Debug|Any CPU.ActiveCfg = Debug|Any CPU
		{2B3812BC-4768-4F71-A0EE-9426AD1BC833}.Debug|Any CPU.Build.0 = Debug|Any CPU
		{2B3812BC-4768-4F71-A0EE-9426AD1BC833}.Release|Any CPU.ActiveCfg = Release|Any CPU
		{2B3812BC-4768-4F71-A0EE-9426AD1BC833}.Release|Any CPU.Build.0 = Release|Any CPU
		{F630F79A-9B84-4F89-A19A-40702338E08F}.Debug|Any CPU.ActiveCfg = Debug|Any CPU
		{F630F79A-9B84-4F89-A19A-40702338E08F}.Debug|Any CPU.Build.0 = Debug|Any CPU
		{F630F79A-9B84-4F89-A19A-40702338E08F}.Release|Any CPU.ActiveCfg = Release|Any CPU
		{F630F79A-9B84-4F89-A19A-40702338E08F}.Release|Any CPU.Build.0 = Release|Any CPU
		{A9F87EF0-33CA-4569-8C19-0712E9097CCE}.Debug|Any CPU.ActiveCfg = Debug|Any CPU
		{A9F87EF0-33CA-4569-8C19-0712E9097CCE}.Debug|Any CPU.Build.0 = Debug|Any CPU
		{A9F87EF0-33CA-4569-8C19-0712E9097CCE}.Release|Any CPU.ActiveCfg = Release|Any CPU
		{A9F87EF0-33CA-4569-8C19-0712E9097CCE}.Release|Any CPU.Build.0 = Release|Any CPU
		{A888AAC4-E059-44B2-957E-2C06A0548306}.Debug|Any CPU.ActiveCfg = Debug|Any CPU
		{A888AAC4-E059-44B2-957E-2C06A0548306}.Debug|Any CPU.Build.0 = Debug|Any CPU
		{A888AAC4-E059-44B2-957E-2C06A0548306}.Release|Any CPU.ActiveCfg = Release|Any CPU
		{A888AAC4-E059-44B2-957E-2C06A0548306}.Release|Any CPU.Build.0 = Release|Any CPU
		{EA4C0BF4-DFE6-4002-BC98-84359E165AF3}.Debug|Any CPU.ActiveCfg = Debug|Any CPU
		{EA4C0BF4-DFE6-4002-BC98-84359E165AF3}.Debug|Any CPU.Build.0 = Debug|Any CPU
		{EA4C0BF4-DFE6-4002-BC98-84359E165AF3}.Release|Any CPU.ActiveCfg = Release|Any CPU
		{EA4C0BF4-DFE6-4002-BC98-84359E165AF3}.Release|Any CPU.Build.0 = Release|Any CPU
		{7FD21F09-CBB2-4BDC-8F24-525711A6CF96}.Debug|Any CPU.ActiveCfg = Debug|Any CPU
		{7FD21F09-CBB2-4BDC-8F24-525711A6CF96}.Debug|Any CPU.Build.0 = Debug|Any CPU
		{7FD21F09-CBB2-4BDC-8F24-525711A6CF96}.Release|Any CPU.ActiveCfg = Release|Any CPU
		{7FD21F09-CBB2-4BDC-8F24-525711A6CF96}.Release|Any CPU.Build.0 = Release|Any CPU
		{6EB6E90D-35AB-41B0-918A-82A29CB9D910}.Debug|Any CPU.ActiveCfg = Debug|Any CPU
		{6EB6E90D-35AB-41B0-918A-82A29CB9D910}.Debug|Any CPU.Build.0 = Debug|Any CPU
		{6EB6E90D-35AB-41B0-918A-82A29CB9D910}.Release|Any CPU.ActiveCfg = Release|Any CPU
		{6EB6E90D-35AB-41B0-918A-82A29CB9D910}.Release|Any CPU.Build.0 = Release|Any CPU
		{AC2EA652-4373-46FF-8398-78EDC283E34D}.Debug|Any CPU.ActiveCfg = Debug|Any CPU
		{AC2EA652-4373-46FF-8398-78EDC283E34D}.Debug|Any CPU.Build.0 = Debug|Any CPU
		{AC2EA652-4373-46FF-8398-78EDC283E34D}.Release|Any CPU.ActiveCfg = Release|Any CPU
		{AC2EA652-4373-46FF-8398-78EDC283E34D}.Release|Any CPU.Build.0 = Release|Any CPU
		{A2A73D0F-EE00-4E2B-A909-5313D85F0570}.Debug|Any CPU.ActiveCfg = Debug|Any CPU
		{A2A73D0F-EE00-4E2B-A909-5313D85F0570}.Debug|Any CPU.Build.0 = Debug|Any CPU
		{A2A73D0F-EE00-4E2B-A909-5313D85F0570}.Release|Any CPU.ActiveCfg = Release|Any CPU
		{A2A73D0F-EE00-4E2B-A909-5313D85F0570}.Release|Any CPU.Build.0 = Release|Any CPU
		{6293324E-A285-4CB2-8D24-E83DD890A308}.Debug|Any CPU.ActiveCfg = Debug|Any CPU
		{6293324E-A285-4CB2-8D24-E83DD890A308}.Debug|Any CPU.Build.0 = Debug|Any CPU
		{6293324E-A285-4CB2-8D24-E83DD890A308}.Release|Any CPU.ActiveCfg = Release|Any CPU
		{6293324E-A285-4CB2-8D24-E83DD890A308}.Release|Any CPU.Build.0 = Release|Any CPU
		{825BCA60-97BD-442F-BD31-695166DCD148}.Debug|Any CPU.ActiveCfg = Debug|Any CPU
		{825BCA60-97BD-442F-BD31-695166DCD148}.Debug|Any CPU.Build.0 = Debug|Any CPU
		{825BCA60-97BD-442F-BD31-695166DCD148}.Release|Any CPU.ActiveCfg = Release|Any CPU
		{825BCA60-97BD-442F-BD31-695166DCD148}.Release|Any CPU.Build.0 = Release|Any CPU
		{0EC61BA7-4B3C-4437-B6B2-9D4AB101F4CB}.Debug|Any CPU.ActiveCfg = Debug|Any CPU
		{0EC61BA7-4B3C-4437-B6B2-9D4AB101F4CB}.Debug|Any CPU.Build.0 = Debug|Any CPU
		{0EC61BA7-4B3C-4437-B6B2-9D4AB101F4CB}.Release|Any CPU.ActiveCfg = Release|Any CPU
		{0EC61BA7-4B3C-4437-B6B2-9D4AB101F4CB}.Release|Any CPU.Build.0 = Release|Any CPU
		{332FAAD8-1D7D-4A87-B8ED-0E594ECB7C3E}.Debug|Any CPU.ActiveCfg = Debug|Any CPU
		{332FAAD8-1D7D-4A87-B8ED-0E594ECB7C3E}.Debug|Any CPU.Build.0 = Debug|Any CPU
		{332FAAD8-1D7D-4A87-B8ED-0E594ECB7C3E}.Release|Any CPU.ActiveCfg = Release|Any CPU
		{332FAAD8-1D7D-4A87-B8ED-0E594ECB7C3E}.Release|Any CPU.Build.0 = Release|Any CPU
		{8395FD4B-6053-49A0-8CF7-D5C157DBA666}.Debug|Any CPU.ActiveCfg = Debug|Any CPU
		{8395FD4B-6053-49A0-8CF7-D5C157DBA666}.Debug|Any CPU.Build.0 = Debug|Any CPU
		{8395FD4B-6053-49A0-8CF7-D5C157DBA666}.Release|Any CPU.ActiveCfg = Release|Any CPU
		{8395FD4B-6053-49A0-8CF7-D5C157DBA666}.Release|Any CPU.Build.0 = Release|Any CPU
		{91DC88C8-3815-4797-A516-42F3F1BA9AC2}.Debug|Any CPU.ActiveCfg = Debug|Any CPU
		{91DC88C8-3815-4797-A516-42F3F1BA9AC2}.Debug|Any CPU.Build.0 = Debug|Any CPU
		{91DC88C8-3815-4797-A516-42F3F1BA9AC2}.Release|Any CPU.ActiveCfg = Release|Any CPU
		{91DC88C8-3815-4797-A516-42F3F1BA9AC2}.Release|Any CPU.Build.0 = Release|Any CPU
		{DF8B5163-EDB5-4454-9E35-7BD2B97F8861}.Debug|Any CPU.ActiveCfg = Debug|Any CPU
		{DF8B5163-EDB5-4454-9E35-7BD2B97F8861}.Debug|Any CPU.Build.0 = Debug|Any CPU
		{DF8B5163-EDB5-4454-9E35-7BD2B97F8861}.Release|Any CPU.ActiveCfg = Release|Any CPU
		{DF8B5163-EDB5-4454-9E35-7BD2B97F8861}.Release|Any CPU.Build.0 = Release|Any CPU
		{647F6FC1-37EE-4C1B-9E75-2C9570623408}.Debug|Any CPU.ActiveCfg = Debug|Any CPU
		{647F6FC1-37EE-4C1B-9E75-2C9570623408}.Debug|Any CPU.Build.0 = Debug|Any CPU
		{647F6FC1-37EE-4C1B-9E75-2C9570623408}.Release|Any CPU.ActiveCfg = Release|Any CPU
		{647F6FC1-37EE-4C1B-9E75-2C9570623408}.Release|Any CPU.Build.0 = Release|Any CPU
		{327F256A-01D7-42F6-B3BC-5D31BC1CABDD}.Debug|Any CPU.ActiveCfg = Debug|Any CPU
		{327F256A-01D7-42F6-B3BC-5D31BC1CABDD}.Debug|Any CPU.Build.0 = Debug|Any CPU
		{327F256A-01D7-42F6-B3BC-5D31BC1CABDD}.Release|Any CPU.ActiveCfg = Release|Any CPU
		{327F256A-01D7-42F6-B3BC-5D31BC1CABDD}.Release|Any CPU.Build.0 = Release|Any CPU
	EndGlobalSection
	GlobalSection(SolutionProperties) = preSolution
		HideSolutionNode = FALSE
	EndGlobalSection
	GlobalSection(NestedProjects) = preSolution
		{2B3812BC-4768-4F71-A0EE-9426AD1BC833} = {D1670D83-D88A-4A46-B673-E74A43647099}
		{F630F79A-9B84-4F89-A19A-40702338E08F} = {D1670D83-D88A-4A46-B673-E74A43647099}
		{A9F87EF0-33CA-4569-8C19-0712E9097CCE} = {D1670D83-D88A-4A46-B673-E74A43647099}
		{A888AAC4-E059-44B2-957E-2C06A0548306} = {A3BEADC6-785C-454C-B0AC-F734E283480F}
		{EA4C0BF4-DFE6-4002-BC98-84359E165AF3} = {A3BEADC6-785C-454C-B0AC-F734E283480F}
		{7FD21F09-CBB2-4BDC-8F24-525711A6CF96} = {A3BEADC6-785C-454C-B0AC-F734E283480F}
		{6EB6E90D-35AB-41B0-918A-82A29CB9D910} = {7ED3DE4C-C316-4BDA-B895-742730F2B38B}
		{AC2EA652-4373-46FF-8398-78EDC283E34D} = {7ED3DE4C-C316-4BDA-B895-742730F2B38B}
		{A2A73D0F-EE00-4E2B-A909-5313D85F0570} = {7ED3DE4C-C316-4BDA-B895-742730F2B38B}
		{6293324E-A285-4CB2-8D24-E83DD890A308} = {B005F369-A3BC-49A6-BE8C-6DFAC9970D11}
		{825BCA60-97BD-442F-BD31-695166DCD148} = {B005F369-A3BC-49A6-BE8C-6DFAC9970D11}
		{0EC61BA7-4B3C-4437-B6B2-9D4AB101F4CB} = {B005F369-A3BC-49A6-BE8C-6DFAC9970D11}
		{332FAAD8-1D7D-4A87-B8ED-0E594ECB7C3E} = {2A9A55CF-8812-4624-BB1E-B996D4AD18B2}
		{8395FD4B-6053-49A0-8CF7-D5C157DBA666} = {2A9A55CF-8812-4624-BB1E-B996D4AD18B2}
		{91DC88C8-3815-4797-A516-42F3F1BA9AC2} = {2A9A55CF-8812-4624-BB1E-B996D4AD18B2}
		{DF8B5163-EDB5-4454-9E35-7BD2B97F8861} = {A5D82746-8365-473F-B9AF-5334561FBF05}
		{647F6FC1-37EE-4C1B-9E75-2C9570623408} = {A5D82746-8365-473F-B9AF-5334561FBF05}
		{327F256A-01D7-42F6-B3BC-5D31BC1CABDD} = {A5D82746-8365-473F-B9AF-5334561FBF05}
	EndGlobalSection
	GlobalSection(ExtensibilityGlobals) = postSolution
		SolutionGuid = {B5DD9DD0-4DC7-4299-9BCD-75BC5331CFDB}
	EndGlobalSection
EndGlobal
